
Microsoft Visual Studio Solution File, Format Version 12.00
# Visual Studio Version 17
VisualStudioVersion = 17.9.34728.123
MinimumVisualStudioVersion = 10.0.40219.1
Project("{FAE04EC0-301F-11D3-BF4B-00C04F79EFBC}") = "DepartmentPayroll", "DepartmentPayroll\DepartmentPayroll.csproj", "{283A590E-89D3-448D-8C07-FD67B7D0A49A}"
EndProject
Global
	GlobalSection(SolutionConfigurationPlatforms) = preSolution
		Debug|Any CPU = Debug|Any CPU
		Release|Any CPU = Release|Any CPU
	EndGlobalSection
	GlobalSection(ProjectConfigurationPlatforms) = postSolution
		{283A590E-89D3-448D-8C07-FD67B7D0A49A}.Debug|Any CPU.ActiveCfg = Debug|Any CPU
		{283A590E-89D3-448D-8C07-FD67B7D0A49A}.Debug|Any CPU.Build.0 = Debug|Any CPU
		{283A590E-89D3-448D-8C07-FD67B7D0A49A}.Release|Any CPU.ActiveCfg = Release|Any CPU
		{283A590E-89D3-448D-8C07-FD67B7D0A49A}.Release|Any CPU.Build.0 = Release|Any CPU
	EndGlobalSection
	GlobalSection(SolutionProperties) = preSolution
		HideSolutionNode = FALSE
	EndGlobalSection
	GlobalSection(ExtensibilityGlobals) = postSolution
		SolutionGuid = {D7A195D8-5010-4205-80E5-A7BACF145280}
	EndGlobalSection
EndGlobal
